
Microsoft Visual Studio Solution File, Format Version 12.00
# Visual Studio Version 16
VisualStudioVersion = 16.0.31229.75
MinimumVisualStudioVersion = 10.0.40219.1
Project("{FAE04EC0-301F-11D3-BF4B-00C04F79EFBC}") = "Simulator", "Simulator.csproj", "{54CDB675-724B-44A7-969E-8927E8DEAE7E}"
EndProject
Project("{FAE04EC0-301F-11D3-BF4B-00C04F79EFBC}") = "UnitTests", "..\UnitTests\UnitTests.csproj", "{CF943D90-A7F2-40A9-AEA7-3FA35B5978FC}"
EndProject
Global
	GlobalSection(SolutionConfigurationPlatforms) = preSolution
		Debug|Any CPU = Debug|Any CPU
		Release|Any CPU = Release|Any CPU
	EndGlobalSection
	GlobalSection(ProjectConfigurationPlatforms) = postSolution
		{54CDB675-724B-44A7-969E-8927E8DEAE7E}.Debug|Any CPU.ActiveCfg = Debug|Any CPU
		{54CDB675-724B-44A7-969E-8927E8DEAE7E}.Debug|Any CPU.Build.0 = Debug|Any CPU
		{54CDB675-724B-44A7-969E-8927E8DEAE7E}.Release|Any CPU.ActiveCfg = Release|Any CPU
		{54CDB675-724B-44A7-969E-8927E8DEAE7E}.Release|Any CPU.Build.0 = Release|Any CPU
		{CF943D90-A7F2-40A9-AEA7-3FA35B5978FC}.Debug|Any CPU.ActiveCfg = Debug|Any CPU
		{CF943D90-A7F2-40A9-AEA7-3FA35B5978FC}.Debug|Any CPU.Build.0 = Debug|Any CPU
		{CF943D90-A7F2-40A9-AEA7-3FA35B5978FC}.Release|Any CPU.ActiveCfg = Release|Any CPU
		{CF943D90-A7F2-40A9-AEA7-3FA35B5978FC}.Release|Any CPU.Build.0 = Release|Any CPU
	EndGlobalSection
	GlobalSection(SolutionProperties) = preSolution
		HideSolutionNode = FALSE
	EndGlobalSection
	GlobalSection(ExtensibilityGlobals) = postSolution
		SolutionGuid = {C821F994-FA5D-4591-8DCE-8F58382D4B68}
	EndGlobalSection
EndGlobal
